// !$*UTF8*$!
{
	archiveVersion = 1;
	classes = {
	};
	objectVersion = 51;
	objects = {

/* Begin PBXBuildFile section */
		7275BA2101026E29475B5A73 /* Pods_FirebaseDemo.framework in Frameworks */ = {isa = PBXBuildFile; fileRef = 18CCEE6A69E28871F907AA43 /* Pods_FirebaseDemo.framework */; };
		8A74500A2485620300694B47 /* Utility.swift in Sources */ = {isa = PBXBuildFile; fileRef = 8A7450092485620300694B47 /* Utility.swift */; };
		8A7F6B1A243D8E3F000D429D /* AppDelegate.swift in Sources */ = {isa = PBXBuildFile; fileRef = 8A7F6B19243D8E3F000D429D /* AppDelegate.swift */; };
		8A7F6B1C243D8E3F000D429D /* SceneDelegate.swift in Sources */ = {isa = PBXBuildFile; fileRef = 8A7F6B1B243D8E3F000D429D /* SceneDelegate.swift */; };
		8A7F6B1E243D8E3F000D429D /* WelcomeViewController.swift in Sources */ = {isa = PBXBuildFile; fileRef = 8A7F6B1D243D8E3F000D429D /* WelcomeViewController.swift */; };
		8A7F6B21243D8E3F000D429D /* Main.storyboard in Resources */ = {isa = PBXBuildFile; fileRef = 8A7F6B1F243D8E3F000D429D /* Main.storyboard */; };
		8A7F6B23243D8E42000D429D /* Assets.xcassets in Resources */ = {isa = PBXBuildFile; fileRef = 8A7F6B22243D8E42000D429D /* Assets.xcassets */; };
		8A7F6B26243D8E42000D429D /* LaunchScreen.storyboard in Resources */ = {isa = PBXBuildFile; fileRef = 8A7F6B24243D8E42000D429D /* LaunchScreen.storyboard */; };
		8A7F6B32243D9129000D429D /* RegisterViewController.swift in Sources */ = {isa = PBXBuildFile; fileRef = 8A7F6B31243D9129000D429D /* RegisterViewController.swift */; };
		8A7F6B34243D913B000D429D /* LoginViewController.swift in Sources */ = {isa = PBXBuildFile; fileRef = 8A7F6B33243D913B000D429D /* LoginViewController.swift */; };
		8A7F6B36243D9408000D429D /* GoogleService-Info.plist in Resources */ = {isa = PBXBuildFile; fileRef = 8A7F6B35243D9407000D429D /* GoogleService-Info.plist */; };
		8A889D7A2484F261008534EF /* ChatModel.swift in Sources */ = {isa = PBXBuildFile; fileRef = 8A889D792484F261008534EF /* ChatModel.swift */; };
		8A889D7E2484F441008534EF /* ChatViewController.swift in Sources */ = {isa = PBXBuildFile; fileRef = 8A889D7D2484F441008534EF /* ChatViewController.swift */; };
		8AC5C194249067A8003EF86B /* MessageCell.xib in Resources */ = {isa = PBXBuildFile; fileRef = 8AC5C192249067A7003EF86B /* MessageCell.xib */; };
		8AC5C195249067A8003EF86B /* MessageCell.swift in Sources */ = {isa = PBXBuildFile; fileRef = 8AC5C193249067A7003EF86B /* MessageCell.swift */; };
/* End PBXBuildFile section */

/* Begin PBXFileReference section */
		18CCEE6A69E28871F907AA43 /* Pods_FirebaseDemo.framework */ = {isa = PBXFileReference; explicitFileType = wrapper.framework; includeInIndex = 0; path = Pods_FirebaseDemo.framework; sourceTree = BUILT_PRODUCTS_DIR; };
		8A7450092485620300694B47 /* Utility.swift */ = {isa = PBXFileReference; lastKnownFileType = sourcecode.swift; path = Utility.swift; sourceTree = "<group>"; };
		8A7F6B16243D8E3F000D429D /* FirebaseDemo.app */ = {isa = PBXFileReference; explicitFileType = wrapper.application; includeInIndex = 0; path = FirebaseDemo.app; sourceTree = BUILT_PRODUCTS_DIR; };
		8A7F6B19243D8E3F000D429D /* AppDelegate.swift */ = {isa = PBXFileReference; lastKnownFileType = sourcecode.swift; path = AppDelegate.swift; sourceTree = "<group>"; };
		8A7F6B1B243D8E3F000D429D /* SceneDelegate.swift */ = {isa = PBXFileReference; lastKnownFileType = sourcecode.swift; path = SceneDelegate.swift; sourceTree = "<group>"; };
		8A7F6B1D243D8E3F000D429D /* WelcomeViewController.swift */ = {isa = PBXFileReference; lastKnownFileType = sourcecode.swift; path = WelcomeViewController.swift; sourceTree = "<group>"; };
		8A7F6B20243D8E3F000D429D /* Base */ = {isa = PBXFileReference; lastKnownFileType = file.storyboard; name = Base; path = Base.lproj/Main.storyboard; sourceTree = "<group>"; };
		8A7F6B22243D8E42000D429D /* Assets.xcassets */ = {isa = PBXFileReference; lastKnownFileType = folder.assetcatalog; path = Assets.xcassets; sourceTree = "<group>"; };
		8A7F6B25243D8E42000D429D /* Base */ = {isa = PBXFileReference; lastKnownFileType = file.storyboard; name = Base; path = Base.lproj/LaunchScreen.storyboard; sourceTree = "<group>"; };
		8A7F6B27243D8E42000D429D /* Info.plist */ = {isa = PBXFileReference; lastKnownFileType = text.plist.xml; path = Info.plist; sourceTree = "<group>"; };
		8A7F6B31243D9129000D429D /* RegisterViewController.swift */ = {isa = PBXFileReference; lastKnownFileType = sourcecode.swift; path = RegisterViewController.swift; sourceTree = "<group>"; };
		8A7F6B33243D913B000D429D /* LoginViewController.swift */ = {isa = PBXFileReference; lastKnownFileType = sourcecode.swift; path = LoginViewController.swift; sourceTree = "<group>"; };
		8A7F6B35243D9407000D429D /* GoogleService-Info.plist */ = {isa = PBXFileReference; fileEncoding = 4; lastKnownFileType = text.plist.xml; path = "GoogleService-Info.plist"; sourceTree = "<group>"; };
		8A889D792484F261008534EF /* ChatModel.swift */ = {isa = PBXFileReference; lastKnownFileType = sourcecode.swift; path = ChatModel.swift; sourceTree = "<group>"; };
		8A889D7D2484F441008534EF /* ChatViewController.swift */ = {isa = PBXFileReference; lastKnownFileType = sourcecode.swift; path = ChatViewController.swift; sourceTree = "<group>"; };
		8AC5C192249067A7003EF86B /* MessageCell.xib */ = {isa = PBXFileReference; fileEncoding = 4; lastKnownFileType = file.xib; path = MessageCell.xib; sourceTree = "<group>"; };
		8AC5C193249067A7003EF86B /* MessageCell.swift */ = {isa = PBXFileReference; fileEncoding = 4; lastKnownFileType = sourcecode.swift; path = MessageCell.swift; sourceTree = "<group>"; };
		8B0FDC68F6BA35EDF50A5845 /* Pods-FirebaseDemo.debug.xcconfig */ = {isa = PBXFileReference; includeInIndex = 1; lastKnownFileType = text.xcconfig; name = "Pods-FirebaseDemo.debug.xcconfig"; path = "Target Support Files/Pods-FirebaseDemo/Pods-FirebaseDemo.debug.xcconfig"; sourceTree = "<group>"; };
		8FEC78B1190367608E016CD7 /* Pods-FirebaseDemo.release.xcconfig */ = {isa = PBXFileReference; includeInIndex = 1; lastKnownFileType = text.xcconfig; name = "Pods-FirebaseDemo.release.xcconfig"; path = "Target Support Files/Pods-FirebaseDemo/Pods-FirebaseDemo.release.xcconfig"; sourceTree = "<group>"; };
/* End PBXFileReference section */

/* Begin PBXFrameworksBuildPhase section */
		8A7F6B13243D8E3F000D429D /* Frameworks */ = {
			isa = PBXFrameworksBuildPhase;
			buildActionMask = 2147483647;
			files = (
				7275BA2101026E29475B5A73 /* Pods_FirebaseDemo.framework in Frameworks */,
			);
			runOnlyForDeploymentPostprocessing = 0;
		};
/* End PBXFrameworksBuildPhase section */

/* Begin PBXGroup section */
		331FCCF4336DCC11A83AF6B6 /* Pods */ = {
			isa = PBXGroup;
			children = (
				8B0FDC68F6BA35EDF50A5845 /* Pods-FirebaseDemo.debug.xcconfig */,
				8FEC78B1190367608E016CD7 /* Pods-FirebaseDemo.release.xcconfig */,
			);
			path = Pods;
			sourceTree = "<group>";
		};
		4C798091FA9B95B924BBB3AC /* Frameworks */ = {
			isa = PBXGroup;
			children = (
				18CCEE6A69E28871F907AA43 /* Pods_FirebaseDemo.framework */,
			);
			name = Frameworks;
			sourceTree = "<group>";
		};
		8A745008248561EE00694B47 /* Utilities */ = {
			isa = PBXGroup;
			children = (
				8A7450092485620300694B47 /* Utility.swift */,
			);
			path = Utilities;
			sourceTree = "<group>";
		};
		8A74500B2485676000694B47 /* AppDelegate */ = {
			isa = PBXGroup;
			children = (
				8A7F6B19243D8E3F000D429D /* AppDelegate.swift */,
				8A7F6B1B243D8E3F000D429D /* SceneDelegate.swift */,
			);
			path = AppDelegate;
			sourceTree = "<group>";
		};
		8A7F6B0D243D8E3F000D429D = {
			isa = PBXGroup;
			children = (
				8A7F6B18243D8E3F000D429D /* FirebaseDemo */,
				8A7F6B17243D8E3F000D429D /* Products */,
				331FCCF4336DCC11A83AF6B6 /* Pods */,
				4C798091FA9B95B924BBB3AC /* Frameworks */,
			);
			sourceTree = "<group>";
		};
		8A7F6B17243D8E3F000D429D /* Products */ = {
			isa = PBXGroup;
			children = (
				8A7F6B16243D8E3F000D429D /* FirebaseDemo.app */,
			);
			name = Products;
			sourceTree = "<group>";
		};
		8A7F6B18243D8E3F000D429D /* FirebaseDemo */ = {
			isa = PBXGroup;
			children = (
				8A74500B2485676000694B47 /* AppDelegate */,
				8A7F6B35243D9407000D429D /* GoogleService-Info.plist */,
				8A7F6B30243D8FB2000D429D /* Storyboard */,
				8A7F6B2F243D8F46000D429D /* Models */,
				8A889D782484F215008534EF /* View Model */,
				8A7F6B2E243D8F13000D429D /* Views */,
				8A7F6B2D243D8EDF000D429D /* ViewControllers */,
				8A745008248561EE00694B47 /* Utilities */,
				8A7F6B22243D8E42000D429D /* Assets.xcassets */,
				8A7F6B24243D8E42000D429D /* LaunchScreen.storyboard */,
				8A7F6B27243D8E42000D429D /* Info.plist */,
			);
			path = FirebaseDemo;
			sourceTree = "<group>";
		};
		8A7F6B2D243D8EDF000D429D /* ViewControllers */ = {
			isa = PBXGroup;
			children = (
				8A7F6B1D243D8E3F000D429D /* WelcomeViewController.swift */,
				8A7F6B31243D9129000D429D /* RegisterViewController.swift */,
				8A7F6B33243D913B000D429D /* LoginViewController.swift */,
				8A889D7D2484F441008534EF /* ChatViewController.swift */,
			);
			path = ViewControllers;
			sourceTree = "<group>";
		};
		8A7F6B2E243D8F13000D429D /* Views */ = {
			isa = PBXGroup;
			children = (
				8AC5C193249067A7003EF86B /* MessageCell.swift */,
				8AC5C192249067A7003EF86B /* MessageCell.xib */,
			);
			path = Views;
			sourceTree = "<group>";
		};
		8A7F6B2F243D8F46000D429D /* Models */ = {
			isa = PBXGroup;
			children = (
				8A889D792484F261008534EF /* ChatModel.swift */,
			);
			path = Models;
			sourceTree = "<group>";
		};
		8A7F6B30243D8FB2000D429D /* Storyboard */ = {
			isa = PBXGroup;
			children = (
				8A7F6B1F243D8E3F000D429D /* Main.storyboard */,
			);
			path = Storyboard;
			sourceTree = "<group>";
		};
		8A889D782484F215008534EF /* View Model */ = {
			isa = PBXGroup;
			children = (
			);
			path = "View Model";
			sourceTree = "<group>";
		};
/* End PBXGroup section */

/* Begin PBXNativeTarget section */
		8A7F6B15243D8E3F000D429D /* FirebaseDemo */ = {
			isa = PBXNativeTarget;
			buildConfigurationList = 8A7F6B2A243D8E42000D429D /* Build configuration list for PBXNativeTarget "FirebaseDemo" */;
			buildPhases = (
				211B768D14F2409BDFB3D75F /* [CP] Check Pods Manifest.lock */,
				8A7F6B12243D8E3F000D429D /* Sources */,
				8A7F6B13243D8E3F000D429D /* Frameworks */,
				8A7F6B14243D8E3F000D429D /* Resources */,
				C5F6588AD4EA46CA93989B37 /* [CP] Embed Pods Frameworks */,
			);
			buildRules = (
			);
			dependencies = (
			);
			name = FirebaseDemo;
			productName = FirebaseDemo;
			productReference = 8A7F6B16243D8E3F000D429D /* FirebaseDemo.app */;
			productType = "com.apple.product-type.application";
		};
/* End PBXNativeTarget section */

/* Begin PBXProject section */
		8A7F6B0E243D8E3F000D429D /* Project object */ = {
			isa = PBXProject;
			attributes = {
				LastSwiftUpdateCheck = 1130;
				LastUpgradeCheck = 1130;
				ORGANIZATIONNAME = InnoCric;
				TargetAttributes = {
					8A7F6B15243D8E3F000D429D = {
						CreatedOnToolsVersion = 11.3.1;
					};
				};
			};
			buildConfigurationList = 8A7F6B11243D8E3F000D429D /* Build configuration list for PBXProject "FirebaseDemo" */;
			compatibilityVersion = "Xcode 9.3";
			developmentRegion = en;
			hasScannedForEncodings = 0;
			knownRegions = (
				en,
				Base,
			);
			mainGroup = 8A7F6B0D243D8E3F000D429D;
			productRefGroup = 8A7F6B17243D8E3F000D429D /* Products */;
			projectDirPath = "";
			projectRoot = "";
			targets = (
				8A7F6B15243D8E3F000D429D /* FirebaseDemo */,
			);
		};
/* End PBXProject section */

/* Begin PBXResourcesBuildPhase section */
		8A7F6B14243D8E3F000D429D /* Resources */ = {
			isa = PBXResourcesBuildPhase;
			buildActionMask = 2147483647;
			files = (
				8AC5C194249067A8003EF86B /* MessageCell.xib in Resources */,
				8A7F6B26243D8E42000D429D /* LaunchScreen.storyboard in Resources */,
				8A7F6B36243D9408000D429D /* GoogleService-Info.plist in Resources */,
				8A7F6B23243D8E42000D429D /* Assets.xcassets in Resources */,
				8A7F6B21243D8E3F000D429D /* Main.storyboard in Resources */,
			);
			runOnlyForDeploymentPostprocessing = 0;
		};
/* End PBXResourcesBuildPhase section */

/* Begin PBXShellScriptBuildPhase section */
		211B768D14F2409BDFB3D75F /* [CP] Check Pods Manifest.lock */ = {
			isa = PBXShellScriptBuildPhase;
			buildActionMask = 2147483647;
			files = (
			);
			inputFileListPaths = (
			);
			inputPaths = (
				"${PODS_PODFILE_DIR_PATH}/Podfile.lock",
				"${PODS_ROOT}/Manifest.lock",
			);
			name = "[CP] Check Pods Manifest.lock";
			outputFileListPaths = (
			);
			outputPaths = (
				"$(DERIVED_FILE_DIR)/Pods-FirebaseDemo-checkManifestLockResult.txt",
			);
			runOnlyForDeploymentPostprocessing = 0;
			shellPath = /bin/sh;
			shellScript = "diff \"${PODS_PODFILE_DIR_PATH}/Podfile.lock\" \"${PODS_ROOT}/Manifest.lock\" > /dev/null\nif [ $? != 0 ] ; then\n    # print error to STDERR\n    echo \"error: The sandbox is not in sync with the Podfile.lock. Run 'pod install' or update your CocoaPods installation.\" >&2\n    exit 1\nfi\n# This output is used by Xcode 'outputs' to avoid re-running this script phase.\necho \"SUCCESS\" > \"${SCRIPT_OUTPUT_FILE_0}\"\n";
			showEnvVarsInLog = 0;
		};
		C5F6588AD4EA46CA93989B37 /* [CP] Embed Pods Frameworks */ = {
			isa = PBXShellScriptBuildPhase;
			buildActionMask = 2147483647;
			files = (
			);
			inputFileListPaths = (
				"${PODS_ROOT}/Target Support Files/Pods-FirebaseDemo/Pods-FirebaseDemo-frameworks-${CONFIGURATION}-input-files.xcfilelist",
			);
			name = "[CP] Embed Pods Frameworks";
			outputFileListPaths = (
				"${PODS_ROOT}/Target Support Files/Pods-FirebaseDemo/Pods-FirebaseDemo-frameworks-${CONFIGURATION}-output-files.xcfilelist",
			);
			runOnlyForDeploymentPostprocessing = 0;
			shellPath = /bin/sh;
			shellScript = "\"${PODS_ROOT}/Target Support Files/Pods-FirebaseDemo/Pods-FirebaseDemo-frameworks.sh\"\n";
			showEnvVarsInLog = 0;
		};
/* End PBXShellScriptBuildPhase section */

/* Begin PBXSourcesBuildPhase section */
		8A7F6B12243D8E3F000D429D /* Sources */ = {
			isa = PBXSourcesBuildPhase;
			buildActionMask = 2147483647;
			files = (
				8AC5C195249067A8003EF86B /* MessageCell.swift in Sources */,
				8A7F6B1E243D8E3F000D429D /* WelcomeViewController.swift in Sources */,
				8A7F6B1A243D8E3F000D429D /* AppDelegate.swift in Sources */,
				8A74500A2485620300694B47 /* Utility.swift in Sources */,
				8A7F6B1C243D8E3F000D429D /* SceneDelegate.swift in Sources */,
				8A7F6B34243D913B000D429D /* LoginViewController.swift in Sources */,
				8A889D7E2484F441008534EF /* ChatViewController.swift in Sources */,
				8A7F6B32243D9129000D429D /* RegisterViewController.swift in Sources */,
				8A889D7A2484F261008534EF /* ChatModel.swift in Sources */,
			);
			runOnlyForDeploymentPostprocessing = 0;
		};
/* End PBXSourcesBuildPhase section */

/* Begin PBXVariantGroup section */
		8A7F6B1F243D8E3F000D429D /* Main.storyboard */ = {
			isa = PBXVariantGroup;
			children = (
				8A7F6B20243D8E3F000D429D /* Base */,
			);
			name = Main.storyboard;
			sourceTree = "<group>";
		};
		8A7F6B24243D8E42000D429D /* LaunchScreen.storyboard */ = {
			isa = PBXVariantGroup;
			children = (
				8A7F6B25243D8E42000D429D /* Base */,
			);
			name = LaunchScreen.storyboard;
			sourceTree = "<group>";
		};
/* End PBXVariantGroup section */

/* Begin XCBuildConfiguration section */
		8A7F6B28243D8E42000D429D /* Debug */ = {
			isa = XCBuildConfiguration;
			buildSettings = {
				ALWAYS_SEARCH_USER_PATHS = NO;
				CLANG_ANALYZER_NONNULL = YES;
				CLANG_ANALYZER_NUMBER_OBJECT_CONVERSION = YES_AGGRESSIVE;
				CLANG_CXX_LANGUAGE_STANDARD = "gnu++14";
				CLANG_CXX_LIBRARY = "libc++";
				CLANG_ENABLE_MODULES = YES;
				CLANG_ENABLE_OBJC_ARC = YES;
				CLANG_ENABLE_OBJC_WEAK = YES;
				CLANG_WARN_BLOCK_CAPTURE_AUTORELEASING = YES;
				CLANG_WARN_BOOL_CONVERSION = YES;
				CLANG_WARN_COMMA = YES;
				CLANG_WARN_CONSTANT_CONVERSION = YES;
				CLANG_WARN_DEPRECATED_OBJC_IMPLEMENTATIONS = YES;
				CLANG_WARN_DIRECT_OBJC_ISA_USAGE = YES_ERROR;
				CLANG_WARN_DOCUMENTATION_COMMENTS = YES;
				CLANG_WARN_EMPTY_BODY = YES;
				CLANG_WARN_ENUM_CONVERSION = YES;
				CLANG_WARN_INFINITE_RECURSION = YES;
				CLANG_WARN_INT_CONVERSION = YES;
				CLANG_WARN_NON_LITERAL_NULL_CONVERSION = YES;
				CLANG_WARN_OBJC_IMPLICIT_RETAIN_SELF = YES;
				CLANG_WARN_OBJC_LITERAL_CONVERSION = YES;
				CLANG_WARN_OBJC_ROOT_CLASS = YES_ERROR;
				CLANG_WARN_RANGE_LOOP_ANALYSIS = YES;
				CLANG_WARN_STRICT_PROTOTYPES = YES;
				CLANG_WARN_SUSPICIOUS_MOVE = YES;
				CLANG_WARN_UNGUARDED_AVAILABILITY = YES_AGGRESSIVE;
				CLANG_WARN_UNREACHABLE_CODE = YES;
				CLANG_WARN__DUPLICATE_METHOD_MATCH = YES;
				COPY_PHASE_STRIP = NO;
				DEBUG_INFORMATION_FORMAT = dwarf;
				ENABLE_STRICT_OBJC_MSGSEND = YES;
				ENABLE_TESTABILITY = YES;
				GCC_C_LANGUAGE_STANDARD = gnu11;
				GCC_DYNAMIC_NO_PIC = NO;
				GCC_NO_COMMON_BLOCKS = YES;
				GCC_OPTIMIZATION_LEVEL = 0;
				GCC_PREPROCESSOR_DEFINITIONS = (
					"DEBUG=1",
					"$(inherited)",
				);
				GCC_WARN_64_TO_32_BIT_CONVERSION = YES;
				GCC_WARN_ABOUT_RETURN_TYPE = YES_ERROR;
				GCC_WARN_UNDECLARED_SELECTOR = YES;
				GCC_WARN_UNINITIALIZED_AUTOS = YES_AGGRESSIVE;
				GCC_WARN_UNUSED_FUNCTION = YES;
				GCC_WARN_UNUSED_VARIABLE = YES;
				IPHONEOS_DEPLOYMENT_TARGET = 13.2;
				MTL_ENABLE_DEBUG_INFO = INCLUDE_SOURCE;
				MTL_FAST_MATH = YES;
				ONLY_ACTIVE_ARCH = YES;
				SDKROOT = iphoneos;
				SWIFT_ACTIVE_COMPILATION_CONDITIONS = DEBUG;
				SWIFT_OPTIMIZATION_LEVEL = "-Onone";
			};
			name = Debug;
		};
		8A7F6B29243D8E42000D429D /* Release */ = {
			isa = XCBuildConfiguration;
			buildSettings = {
				ALWAYS_SEARCH_USER_PATHS = NO;
				CLANG_ANALYZER_NONNULL = YES;
				CLANG_ANALYZER_NUMBER_OBJECT_CONVERSION = YES_AGGRESSIVE;
				CLANG_CXX_LANGUAGE_STANDARD = "gnu++14";
				CLANG_CXX_LIBRARY = "libc++";
				CLANG_ENABLE_MODULES = YES;
				CLANG_ENABLE_OBJC_ARC = YES;
				CLANG_ENABLE_OBJC_WEAK = YES;
				CLANG_WARN_BLOCK_CAPTURE_AUTORELEASING = YES;
				CLANG_WARN_BOOL_CONVERSION = YES;
				CLANG_WARN_COMMA = YES;
				CLANG_WARN_CONSTANT_CONVERSION = YES;
				CLANG_WARN_DEPRECATED_OBJC_IMPLEMENTATIONS = YES;
				CLANG_WARN_DIRECT_OBJC_ISA_USAGE = YES_ERROR;
				CLANG_WARN_DOCUMENTATION_COMMENTS = YES;
				CLANG_WARN_EMPTY_BODY = YES;
				CLANG_WARN_ENUM_CONVERSION = YES;
				CLANG_WARN_INFINITE_RECURSION = YES;
				CLANG_WARN_INT_CONVERSION = YES;
				CLANG_WARN_NON_LITERAL_NULL_CONVERSION = YES;
				CLANG_WARN_OBJC_IMPLICIT_RETAIN_SELF = YES;
				CLANG_WARN_OBJC_LITERAL_CONVERSION = YES;
				CLANG_WARN_OBJC_ROOT_CLASS = YES_ERROR;
				CLANG_WARN_RANGE_LOOP_ANALYSIS = YES;
				CLANG_WARN_STRICT_PROTOTYPES = YES;
				CLANG_WARN_SUSPICIOUS_MOVE = YES;
				CLANG_WARN_UNGUARDED_AVAILABILITY = YES_AGGRESSIVE;
				CLANG_WARN_UNREACHABLE_CODE = YES;
				CLANG_WARN__DUPLICATE_METHOD_MATCH = YES;
				COPY_PHASE_STRIP = NO;
				DEBUG_INFORMATION_FORMAT = "dwarf-with-dsym";
				ENABLE_NS_ASSERTIONS = NO;
				ENABLE_STRICT_OBJC_MSGSEND = YES;
				GCC_C_LANGUAGE_STANDARD = gnu11;
				GCC_NO_COMMON_BLOCKS = YES;
				GCC_WARN_64_TO_32_BIT_CONVERSION = YES;
				GCC_WARN_ABOUT_RETURN_TYPE = YES_ERROR;
				GCC_WARN_UNDECLARED_SELECTOR = YES;
				GCC_WARN_UNINITIALIZED_AUTOS = YES_AGGRESSIVE;
				GCC_WARN_UNUSED_FUNCTION = YES;
				GCC_WARN_UNUSED_VARIABLE = YES;
				IPHONEOS_DEPLOYMENT_TARGET = 13.2;
				MTL_ENABLE_DEBUG_INFO = NO;
				MTL_FAST_MATH = YES;
				SDKROOT = iphoneos;
				SWIFT_COMPILATION_MODE = wholemodule;
				SWIFT_OPTIMIZATION_LEVEL = "-O";
				VALIDATE_PRODUCT = YES;
			};
			name = Release;
		};
		8A7F6B2B243D8E42000D429D /* Debug */ = {
			isa = XCBuildConfiguration;
			baseConfigurationReference = 8B0FDC68F6BA35EDF50A5845 /* Pods-FirebaseDemo.debug.xcconfig */;
			buildSettings = {
				ASSETCATALOG_COMPILER_APPICON_NAME = AppIcon;
				CODE_SIGN_STYLE = Automatic;
				INFOPLIST_FILE = FirebaseDemo/Info.plist;
				IPHONEOS_DEPLOYMENT_TARGET = 13.0;
				LD_RUNPATH_SEARCH_PATHS = (
					"$(inherited)",
					"@executable_path/Frameworks",
				);
				PRODUCT_BUNDLE_IDENTIFIER = com.innocirc.FirebaseDemo;
				PRODUCT_NAME = "$(TARGET_NAME)";
				SWIFT_VERSION = 5.0;
				TARGETED_DEVICE_FAMILY = "1,2";
			};
			name = Debug;
		};
		8A7F6B2C243D8E42000D429D /* Release */ = {
			isa = XCBuildConfiguration;
			baseConfigurationReference = 8FEC78B1190367608E016CD7 /* Pods-FirebaseDemo.release.xcconfig */;
			buildSettings = {
				ASSETCATALOG_COMPILER_APPICON_NAME = AppIcon;
				CODE_SIGN_STYLE = Automatic;
				INFOPLIST_FILE = FirebaseDemo/Info.plist;
				IPHONEOS_DEPLOYMENT_TARGET = 13.0;
				LD_RUNPATH_SEARCH_PATHS = (
					"$(inherited)",
					"@executable_path/Frameworks",
				);
				PRODUCT_BUNDLE_IDENTIFIER = com.innocirc.FirebaseDemo;
				PRODUCT_NAME = "$(TARGET_NAME)";
				SWIFT_VERSION = 5.0;
				TARGETED_DEVICE_FAMILY = "1,2";
			};
			name = Release;
		};
/* End XCBuildConfiguration section */

/* Begin XCConfigurationList section */
		8A7F6B11243D8E3F000D429D /* Build configuration list for PBXProject "FirebaseDemo" */ = {
			isa = XCConfigurationList;
			buildConfigurations = (
				8A7F6B28243D8E42000D429D /* Debug */,
				8A7F6B29243D8E42000D429D /* Release */,
			);
			defaultConfigurationIsVisible = 0;
			defaultConfigurationName = Release;
		};
		8A7F6B2A243D8E42000D429D /* Build configuration list for PBXNativeTarget "FirebaseDemo" */ = {
			isa = XCConfigurationList;
			buildConfigurations = (
				8A7F6B2B243D8E42000D429D /* Debug */,
				8A7F6B2C243D8E42000D429D /* Release */,
			);
			defaultConfigurationIsVisible = 0;
			defaultConfigurationName = Release;
		};
/* End XCConfigurationList section */
	};
	rootObject = 8A7F6B0E243D8E3F000D429D /* Project object */;
}
